# This file is autogenerated, do not edit; changes may be undone by the next 'dep ensure'.


[[projects]]
  branch = "master"
  digest = "1:da76ad77641fcecb74d2dac56a907befd0a83c8e7fb2013bd49bc69106ac5d60"
  name = "github.com/mitchellh/colorstring"
  packages = ["."]
  pruneopts = "NU"
  revision = "8631ce90f28644f54aeedcb3e389a85174e067d1"

[[projects]]
  digest = "1:fb851541f5df335edb55ae691842a09ba4397bbf2deec9f7c5ad4a49de3fa44d"
  name = "github.com/sirupsen/logrus"
  packages = ["."]
  pruneopts = "NU"
  revision = "c155da19408a8799da419ed3eeb0cb5db0ad5dbc"
  version = "v1.0.5"

[[projects]]
  branch = "master"
  digest = "1:ed359abd610d03004c519d6269e99c31d33bb218ba4f889985d30a5ada76d4df"
  name = "golang.org/x/crypto"
  packages = ["ssh/terminal"]
  pruneopts = "NU"
  revision = "a49355c7e3f8fe157a85be2f77e6e269a0f89602"

[[projects]]
  branch = "master"
  digest = "1:f18a84ee7d48acb0a402e5ae19df6c7df4d6d6db09593f60cd29d2b6e8c1cee4"
  name = "golang.org/x/sys"
  packages = [
    "unix",
    "windows",
  ]
  pruneopts = "NU"
  revision = "1b2967e3c290b7c545b3db0deeda16e9be4f98a2"

[solve-meta]
  analyzer-name = "dep"
  analyzer-version = 1
  input-imports = [
    "github.com/mitchellh/colorstring",
    "github.com/sirupsen/logrus",
  ]
  solver-name = "gps-cdcl"
  solver-version = 1
